// !$*UTF8*$!
{
	archiveVersion = 1;
	classes = {
	};
	objectVersion = 46;
	objects = {

/* Begin PBXBuildFile section */
		2A0CAB021D35565F0098D424 /* main.m in Sources */ = {isa = PBXBuildFile; fileRef = 2A0CAB011D35565F0098D424 /* main.m */; };
		2A0CAB0A1D35620C0098D424 /* RomeConverter.m in Sources */ = {isa = PBXBuildFile; fileRef = 2A0CAB091D35620C0098D424 /* RomeConverter.m */; };
/* End PBXBuildFile section */

/* Begin PBXCopyFilesBuildPhase section */
		2A0CAAFC1D35565F0098D424 /* CopyFiles */ = {
			isa = PBXCopyFilesBuildPhase;
			buildActionMask = 2147483647;
			dstPath = /usr/share/man/man1/;
			dstSubfolderSpec = 0;
			files = (
			);
			runOnlyForDeploymentPostprocessing = 1;
		};
/* End PBXCopyFilesBuildPhase section */

/* Begin PBXFileReference section */
		2A0CAAFE1D35565F0098D424 /* rometoarab */ = {isa = PBXFileReference; explicitFileType = "compiled.mach-o.executable"; includeInIndex = 0; path = rometoarab; sourceTree = BUILT_PRODUCTS_DIR; };
		2A0CAB011D35565F0098D424 /* main.m */ = {isa = PBXFileReference; lastKnownFileType = sourcecode.c.objc; path = main.m; sourceTree = "<group>"; };
		2A0CAB081D35620C0098D424 /* RomeConverter.h */ = {isa = PBXFileReference; fileEncoding = 4; lastKnownFileType = sourcecode.c.h; path = RomeConverter.h; sourceTree = "<group>"; };
		2A0CAB091D35620C0098D424 /* RomeConverter.m */ = {isa = PBXFileReference; fileEncoding = 4; lastKnownFileType = sourcecode.c.objc; path = RomeConverter.m; sourceTree = "<group>"; };
/* End PBXFileReference section */

/* Begin PBXFrameworksBuildPhase section */
		2A0CAAFB1D35565F0098D424 /* Frameworks */ = {
			isa = PBXFrameworksBuildPhase;
			buildActionMask = 2147483647;
			files = (
			);
			runOnlyForDeploymentPostprocessing = 0;
		};
/* End PBXFrameworksBuildPhase section */

/* Begin PBXGroup section */
		2A0CAAF51D35565F0098D424 = {
			isa = PBXGroup;
			children = (
				2A0CAB001D35565F0098D424 /* rometoarab */,
				2A0CAAFF1D35565F0098D424 /* Products */,
			);
			sourceTree = "<group>";
		};
		2A0CAAFF1D35565F0098D424 /* Products */ = {
			isa = PBXGroup;
			children = (
				2A0CAAFE1D35565F0098D424 /* rometoarab */,
			);
			name = Products;
			sourceTree = "<group>";
		};
		2A0CAB001D35565F0098D424 /* rometoarab */ = {
			isa = PBXGroup;
			children = (
				2A0CAB011D35565F0098D424 /* main.m */,
				2A0CAB081D35620C0098D424 /* RomeConverter.h */,
				2A0CAB091D35620C0098D424 /* RomeConverter.m */,
			);
			path = rometoarab;
			sourceTree = "<group>";
		};
/* End PBXGroup section */

/* Begin PBXNativeTarget section */
		2A0CAAFD1D35565F0098D424 /* rometoarab */ = {
			isa = PBXNativeTarget;
			buildConfigurationList = 2A0CAB051D35565F0098D424 /* Build configuration list for PBXNativeTarget "rometoarab" */;
			buildPhases = (
				2A0CAAFA1D35565F0098D424 /* Sources */,
				2A0CAAFB1D35565F0098D424 /* Frameworks */,
				2A0CAAFC1D35565F0098D424 /* CopyFiles */,
			);
			buildRules = (
			);
			dependencies = (
			);
			name = rometoarab;
			productName = rometoarab;
			productReference = 2A0CAAFE1D35565F0098D424 /* rometoarab */;
			productType = "com.apple.product-type.tool";
		};
/* End PBXNativeTarget section */

/* Begin PBXProject section */
		2A0CAAF61D35565F0098D424 /* Project object */ = {
			isa = PBXProject;
			attributes = {
				LastUpgradeCheck = 0730;
				ORGANIZATIONNAME = home;
				TargetAttributes = {
					2A0CAAFD1D35565F0098D424 = {
						CreatedOnToolsVersion = 7.3.1;
					};
				};
			};
			buildConfigurationList = 2A0CAAF91D35565F0098D424 /* Build configuration list for PBXProject "rometoarab" */;
			compatibilityVersion = "Xcode 3.2";
			developmentRegion = English;
			hasScannedForEncodings = 0;
			knownRegions = (
				en,
			);
			mainGroup = 2A0CAAF51D35565F0098D424;
			productRefGroup = 2A0CAAFF1D35565F0098D424 /* Products */;
			projectDirPath = "";
			projectRoot = "";
			targets = (
				2A0CAAFD1D35565F0098D424 /* rometoarab */,
			);
		};
/* End PBXProject section */

/* Begin PBXSourcesBuildPhase section */
		2A0CAAFA1D35565F0098D424 /* Sources */ = {
			isa = PBXSourcesBuildPhase;
			buildActionMask = 2147483647;
			files = (
				2A0CAB021D35565F0098D424 /* main.m in Sources */,
				2A0CAB0A1D35620C0098D424 /* RomeConverter.m in Sources */,
			);
			runOnlyForDeploymentPostprocessing = 0;
		};
/* End PBXSourcesBuildPhase section */

/* Begin XCBuildConfiguration section */
		2A0CAB031D35565F0098D424 /* Debug */ = {
			isa = XCBuildConfiguration;
			buildSettings = {
				ALWAYS_SEARCH_USER_PATHS = NO;
				CLANG_ANALYZER_NONNULL = YES;
				CLANG_CXX_LANGUAGE_STANDARD = "gnu++0x";
				CLANG_CXX_LIBRARY = "libc++";
				CLANG_ENABLE_MODULES = YES;
				CLANG_ENABLE_OBJC_ARC = YES;
				CLANG_WARN_BOOL_CONVERSION = YES;
				CLANG_WARN_CONSTANT_CONVERSION = YES;
				CLANG_WARN_DIRECT_OBJC_ISA_USAGE = YES_ERROR;
				CLANG_WARN_EMPTY_BODY = YES;
				CLANG_WARN_ENUM_CONVERSION = YES;
				CLANG_WARN_INT_CONVERSION = YES;
				CLANG_WARN_OBJC_ROOT_CLASS = YES_ERROR;
				CLANG_WARN_UNREACHABLE_CODE = YES;
				CLANG_WARN__DUPLICATE_METHOD_MATCH = YES;
				CODE_SIGN_IDENTITY = "-";
				COPY_PHASE_STRIP = NO;
				DEBUG_INFORMATION_FORMAT = dwarf;
				ENABLE_STRICT_OBJC_MSGSEND = YES;
				ENABLE_TESTABILITY = YES;
				GCC_C_LANGUAGE_STANDARD = gnu99;
				GCC_DYNAMIC_NO_PIC = NO;
				GCC_NO_COMMON_BLOCKS = YES;
				GCC_OPTIMIZATION_LEVEL = 0;
				GCC_PREPROCESSOR_DEFINITIONS = (
					"DEBUG=1",
					"$(inherited)",
				);
				GCC_WARN_64_TO_32_BIT_CONVERSION = YES;
				GCC_WARN_ABOUT_RETURN_TYPE = YES_ERROR;
				GCC_WARN_UNDECLARED_SELECTOR = YES;
				GCC_WARN_UNINITIALIZED_AUTOS = YES_AGGRESSIVE;
				GCC_WARN_UNUSED_FUNCTION = YES;
				GCC_WARN_UNUSED_VARIABLE = YES;
				MACOSX_DEPLOYMENT_TARGET = 10.11;
				MTL_ENABLE_DEBUG_INFO = YES;
				ONLY_ACTIVE_ARCH = YES;
				SDKROOT = macosx;
			};
			name = Debug;
		};
		2A0CAB041D35565F0098D424 /* Release */ = {
			isa = XCBuildConfiguration;
			buildSettings = {
				ALWAYS_SEARCH_USER_PATHS = NO;
				CLANG_ANALYZER_NONNULL = YES;
				CLANG_CXX_LANGUAGE_STANDARD = "gnu++0x";
				CLANG_CXX_LIBRARY = "libc++";
				CLANG_ENABLE_MODULES = YES;
				CLANG_ENABLE_OBJC_ARC = YES;
				CLANG_WARN_BOOL_CONVERSION = YES;
				CLANG_WARN_CONSTANT_CONVERSION = YES;
				CLANG_WARN_DIRECT_OBJC_ISA_USAGE = YES_ERROR;
				CLANG_WARN_EMPTY_BODY = YES;
				CLANG_WARN_ENUM_CONVERSION = YES;
				CLANG_WARN_INT_CONVERSION = YES;
				CLANG_WARN_OBJC_ROOT_CLASS = YES_ERROR;
				CLANG_WARN_UNREACHABLE_CODE = YES;
				CLANG_WARN__DUPLICATE_METHOD_MATCH = YES;
				CODE_SIGN_IDENTITY = "-";
				COPY_PHASE_STRIP = NO;
				DEBUG_INFORMATION_FORMAT = "dwarf-with-dsym";
				ENABLE_NS_ASSERTIONS = NO;
				ENABLE_STRICT_OBJC_MSGSEND = YES;
				GCC_C_LANGUAGE_STANDARD = gnu99;
				GCC_NO_COMMON_BLOCKS = YES;
				GCC_WARN_64_TO_32_BIT_CONVERSION = YES;
				GCC_WARN_ABOUT_RETURN_TYPE = YES_ERROR;
				GCC_WARN_UNDECLARED_SELECTOR = YES;
				GCC_WARN_UNINITIALIZED_AUTOS = YES_AGGRESSIVE;
				GCC_WARN_UNUSED_FUNCTION = YES;
				GCC_WARN_UNUSED_VARIABLE = YES;
				MACOSX_DEPLOYMENT_TARGET = 10.11;
				MTL_ENABLE_DEBUG_INFO = NO;
				SDKROOT = macosx;
			};
			name = Release;
		};
		2A0CAB061D35565F0098D424 /* Debug */ = {
			isa = XCBuildConfiguration;
			buildSettings = {
				PRODUCT_NAME = "$(TARGET_NAME)";
			};
			name = Debug;
		};
		2A0CAB071D35565F0098D424 /* Release */ = {
			isa = XCBuildConfiguration;
			buildSettings = {
				PRODUCT_NAME = "$(TARGET_NAME)";
			};
			name = Release;
		};
/* End XCBuildConfiguration section */

/* Begin XCConfigurationList section */
		2A0CAAF91D35565F0098D424 /* Build configuration list for PBXProject "rometoarab" */ = {
			isa = XCConfigurationList;
			buildConfigurations = (
				2A0CAB031D35565F0098D424 /* Debug */,
				2A0CAB041D35565F0098D424 /* Release */,
			);
			defaultConfigurationIsVisible = 0;
			defaultConfigurationName = Release;
		};
		2A0CAB051D35565F0098D424 /* Build configuration list for PBXNativeTarget "rometoarab" */ = {
			isa = XCConfigurationList;
			buildConfigurations = (
				2A0CAB061D35565F0098D424 /* Debug */,
				2A0CAB071D35565F0098D424 /* Release */,
			);
			defaultConfigurationIsVisible = 0;
			defaultConfigurationName = Release;
		};
/* End XCConfigurationList section */
	};
	rootObject = 2A0CAAF61D35565F0098D424 /* Project object */;
}
